
Microsoft Visual Studio Solution File, Format Version 12.00
# Visual Studio Version 16
VisualStudioVersion = 16.0.31702.278
MinimumVisualStudioVersion = 10.0.40219.1
Project("{FAE04EC0-301F-11D3-BF4B-00C04F79EFBC}") = "ElectronNet", "ElectronNet\ElectronNet.csproj", "{D158792D-B149-485C-893B-8115F294C4F3}"
EndProject
Global
	GlobalSection(SolutionConfigurationPlatforms) = preSolution
		Debug|Any CPU = Debug|Any CPU
		Release|Any CPU = Release|Any CPU
	EndGlobalSection
	GlobalSection(ProjectConfigurationPlatforms) = postSolution
		{D158792D-B149-485C-893B-8115F294C4F3}.Debug|Any CPU.ActiveCfg = Debug|Any CPU
		{D158792D-B149-485C-893B-8115F294C4F3}.Debug|Any CPU.Build.0 = Debug|Any CPU
		{D158792D-B149-485C-893B-8115F294C4F3}.Release|Any CPU.ActiveCfg = Release|Any CPU
		{D158792D-B149-485C-893B-8115F294C4F3}.Release|Any CPU.Build.0 = Release|Any CPU
	EndGlobalSection
	GlobalSection(SolutionProperties) = preSolution
		HideSolutionNode = FALSE
	EndGlobalSection
	GlobalSection(ExtensibilityGlobals) = postSolution
		SolutionGuid = {A378DB23-2D66-484A-B275-79680C0B36F5}
	EndGlobalSection
EndGlobal
